
Microsoft Visual Studio Solution File, Format Version 12.00
# Visual Studio Version 16
VisualStudioVersion = 16.0.33927.289
MinimumVisualStudioVersion = 10.0.40219.1
Project("{2150E333-8FDC-42A3-9474-1A3956D46DE8}") = "Task0", "Task0", "{A7F0AF2C-02A5-41C3-8B9F-E4EF7A7C2555}"
EndProject
Project("{FAE04EC0-301F-11D3-BF4B-00C04F79EFBC}") = "Tyuiu.KomanichRM.Sprint3.Task0.V27", "Tyuiu.KomanichRM.Sprint2.Task0.V27\Tyuiu.KomanichRM.Sprint3.Task0.V27.csproj", "{4C6FCD8D-9370-464D-9703-2684F7F91EB8}"
EndProject
Project("{FAE04EC0-301F-11D3-BF4B-00C04F79EFBC}") = "Tyuiu.KomanichRM.Sprint3.Task0.V27.Lib", "Tyuiu.KomanichRM.Sprint2.Task0.V27.Lib\Tyuiu.KomanichRM.Sprint3.Task0.V27.Lib.csproj", "{0C1A1B50-E63A-4F6C-B342-DA36D498C0F9}"
EndProject
Project("{FAE04EC0-301F-11D3-BF4B-00C04F79EFBC}") = "Tyuiu.KomanichRM.Sprint3.Task0.V27.Test", "Tyuiu.KomanichRM.Sprint2.Task0.V27.Test\Tyuiu.KomanichRM.Sprint3.Task0.V27.Test.csproj", "{61F6A087-37DC-4E22-8306-51C667CA8A6B}"
EndProject
Project("{2150E333-8FDC-42A3-9474-1A3956D46DE8}") = "Task1", "Task1", "{D0D3B7ED-21C8-4AED-8B0E-05581AC348E0}"
EndProject
Project("{FAE04EC0-301F-11D3-BF4B-00C04F79EFBC}") = "Tyuiu.KomanichRM.Sprint3.Task1.V3", "Tyuiu.KomanichRM.Sprint3.Task1.V3\Tyuiu.KomanichRM.Sprint3.Task1.V3.csproj", "{478C2850-9DF0-4577-B7EA-FAC8BD77377C}"
EndProject
Project("{FAE04EC0-301F-11D3-BF4B-00C04F79EFBC}") = "Tyuiu.KomanichRM.Sprint3.Task1.V3.Lib", "Tyuiu.KomanichRM.Sprint3.Task1.V3.Lib\Tyuiu.KomanichRM.Sprint3.Task1.V3.Lib.csproj", "{211CF14F-0ECF-40E3-BF26-FABD85A15C58}"
EndProject
Project("{FAE04EC0-301F-11D3-BF4B-00C04F79EFBC}") = "Tyuiu.KomanichRM.Sprint3.Task1.V3.Test", "Tyuiu.KomanichRM.Sprint3.Task1.V3.Test\Tyuiu.KomanichRM.Sprint3.Task1.V3.Test.csproj", "{842063EC-0C5D-4455-8A4E-9D49A22A4411}"
EndProject
Project("{2150E333-8FDC-42A3-9474-1A3956D46DE8}") = "Task2", "Task2", "{38E8D790-FFC7-4797-8C4A-EA9297622789}"
EndProject
Project("{FAE04EC0-301F-11D3-BF4B-00C04F79EFBC}") = "Tyuiu.KomanichRM.Sprint3.Task2.V22", "Tyuiu.KomanichRM.Sprint3.Task2.V22\Tyuiu.KomanichRM.Sprint3.Task2.V22.csproj", "{5D48292A-8002-40F1-88C2-5E5D70278E77}"
EndProject
Project("{FAE04EC0-301F-11D3-BF4B-00C04F79EFBC}") = "Tyuiu.KomanichRM.Sprint3.Task2.V22.Lib", "Tyuiu.KomanichRM.Sprint3.Task2.V22.Lib\Tyuiu.KomanichRM.Sprint3.Task2.V22.Lib.csproj", "{EB984148-63DC-484A-8E06-653A64D9C56B}"
EndProject
Project("{FAE04EC0-301F-11D3-BF4B-00C04F79EFBC}") = "Tyuiu.KomanichRM.Sprint3.Task2.V22.Test", "Tyuiu.KomanichRM.Sprint3.Task2.V22.Test\Tyuiu.KomanichRM.Sprint3.Task2.V22.Test.csproj", "{AF5FAEE7-52F2-4800-85C5-747E76202343}"
EndProject
Project("{2150E333-8FDC-42A3-9474-1A3956D46DE8}") = "Task3", "Task3", "{F89340BF-AF7C-48C3-BD67-BC3EBB909768}"
EndProject
Project("{FAE04EC0-301F-11D3-BF4B-00C04F79EFBC}") = "Tyuiu.KomanichRM.Sprint3.Task3.V27", "Tyuiu.KomanichRM.Sprint3.Task3.V27\Tyuiu.KomanichRM.Sprint3.Task3.V27.csproj", "{42E99E5B-9AED-486A-8D99-2F9418569A69}"
EndProject
Project("{FAE04EC0-301F-11D3-BF4B-00C04F79EFBC}") = "Tyuiu.KomanichRM.Sprint3.Task3.V27.Lib", "Tyuiu.KomanichRM.Sprint3.Task3.V27.Lib\Tyuiu.KomanichRM.Sprint3.Task3.V27.Lib.csproj", "{BC5F6523-7B2A-459E-999B-F3F9EB62958B}"
EndProject
Project("{FAE04EC0-301F-11D3-BF4B-00C04F79EFBC}") = "Tyuiu.KomanichRM.Sprint3.Task3.V27.Test", "Tyuiu.KomanichRM.Sprint3.Task3.V27.Test\Tyuiu.KomanichRM.Sprint3.Task3.V27.Test.csproj", "{E045D9A1-8DA5-4027-B6A8-5C6C89BB08BE}"
EndProject
Project("{2150E333-8FDC-42A3-9474-1A3956D46DE8}") = "Task4", "Task4", "{17CD7C9E-919E-4697-8513-4200AE265D14}"
EndProject
Project("{FAE04EC0-301F-11D3-BF4B-00C04F79EFBC}") = "Tyuiu.KomanichRM.Sprint3.Task4.V28", "Tyuiu.KomanichRM.Sprint3.Task4.V28\Tyuiu.KomanichRM.Sprint3.Task4.V28.csproj", "{0D1D71BA-B1A9-4799-A514-DDE8514158BD}"
EndProject
Project("{FAE04EC0-301F-11D3-BF4B-00C04F79EFBC}") = "Tyuiu.KomanichRM.Sprint3.Task4.V28.Lib", "Tyuiu.KomanichRM.Sprint3.Task4.V28.Lib\Tyuiu.KomanichRM.Sprint3.Task4.V28.Lib.csproj", "{EC99227D-51ED-44FC-B644-5B440F6F618A}"
EndProject
Project("{FAE04EC0-301F-11D3-BF4B-00C04F79EFBC}") = "Tyuiu.KomanichRM.Sprint3.Task4.V28.Test", "Tyuiu.KomanichRM.Sprint3.Task4.V28.Test\Tyuiu.KomanichRM.Sprint3.Task4.V28.Test.csproj", "{CA382ED7-BEA5-4C58-82DC-5EE33149E5D5}"
EndProject
Project("{2150E333-8FDC-42A3-9474-1A3956D46DE8}") = "Task5", "Task5", "{5F149DD9-70CC-4576-B788-529B87A63EA7}"
EndProject
Project("{FAE04EC0-301F-11D3-BF4B-00C04F79EFBC}") = "Tyuiu.KomanichRM.Sprint3.Task5.V21", "Tyuiu.KomanichRM.Sprint3.Task5.V21\Tyuiu.KomanichRM.Sprint3.Task5.V21.csproj", "{7205F359-AB06-480F-83F4-6918F3673381}"
EndProject
Project("{FAE04EC0-301F-11D3-BF4B-00C04F79EFBC}") = "Tyuiu.KomanichRM.Sprint3.Task5.V21.Lib", "Tyuiu.KomanichRM.Sprint3.Task5.V21.Lib\Tyuiu.KomanichRM.Sprint3.Task5.V21.Lib.csproj", "{B667DF17-F3DA-4613-92FF-9B818B88B5B0}"
EndProject
Project("{FAE04EC0-301F-11D3-BF4B-00C04F79EFBC}") = "Tyuiu.KomanichRM.Sprint3.Task5.V21.Test", "Tyuiu.KomanichRM.Sprint3.Task5.V21.Test\Tyuiu.KomanichRM.Sprint3.Task5.V21.Test.csproj", "{8A089251-C1C2-4851-99BD-AB99789E79CD}"
EndProject
Global
	GlobalSection(SolutionConfigurationPlatforms) = preSolution
		Debug|Any CPU = Debug|Any CPU
		Release|Any CPU = Release|Any CPU
	EndGlobalSection
	GlobalSection(ProjectConfigurationPlatforms) = postSolution
		{4C6FCD8D-9370-464D-9703-2684F7F91EB8}.Debug|Any CPU.ActiveCfg = Debug|Any CPU
		{4C6FCD8D-9370-464D-9703-2684F7F91EB8}.Debug|Any CPU.Build.0 = Debug|Any CPU
		{4C6FCD8D-9370-464D-9703-2684F7F91EB8}.Release|Any CPU.ActiveCfg = Release|Any CPU
		{4C6FCD8D-9370-464D-9703-2684F7F91EB8}.Release|Any CPU.Build.0 = Release|Any CPU
		{0C1A1B50-E63A-4F6C-B342-DA36D498C0F9}.Debug|Any CPU.ActiveCfg = Debug|Any CPU
		{0C1A1B50-E63A-4F6C-B342-DA36D498C0F9}.Debug|Any CPU.Build.0 = Debug|Any CPU
		{0C1A1B50-E63A-4F6C-B342-DA36D498C0F9}.Release|Any CPU.ActiveCfg = Release|Any CPU
		{0C1A1B50-E63A-4F6C-B342-DA36D498C0F9}.Release|Any CPU.Build.0 = Release|Any CPU
		{61F6A087-37DC-4E22-8306-51C667CA8A6B}.Debug|Any CPU.ActiveCfg = Debug|Any CPU
		{61F6A087-37DC-4E22-8306-51C667CA8A6B}.Debug|Any CPU.Build.0 = Debug|Any CPU
		{61F6A087-37DC-4E22-8306-51C667CA8A6B}.Release|Any CPU.ActiveCfg = Release|Any CPU
		{61F6A087-37DC-4E22-8306-51C667CA8A6B}.Release|Any CPU.Build.0 = Release|Any CPU
		{478C2850-9DF0-4577-B7EA-FAC8BD77377C}.Debug|Any CPU.ActiveCfg = Debug|Any CPU
		{478C2850-9DF0-4577-B7EA-FAC8BD77377C}.Debug|Any CPU.Build.0 = Debug|Any CPU
		{478C2850-9DF0-4577-B7EA-FAC8BD77377C}.Release|Any CPU.ActiveCfg = Release|Any CPU
		{478C2850-9DF0-4577-B7EA-FAC8BD77377C}.Release|Any CPU.Build.0 = Release|Any CPU
		{211CF14F-0ECF-40E3-BF26-FABD85A15C58}.Debug|Any CPU.ActiveCfg = Debug|Any CPU
		{211CF14F-0ECF-40E3-BF26-FABD85A15C58}.Debug|Any CPU.Build.0 = Debug|Any CPU
		{211CF14F-0ECF-40E3-BF26-FABD85A15C58}.Release|Any CPU.ActiveCfg = Release|Any CPU
		{211CF14F-0ECF-40E3-BF26-FABD85A15C58}.Release|Any CPU.Build.0 = Release|Any CPU
		{842063EC-0C5D-4455-8A4E-9D49A22A4411}.Debug|Any CPU.ActiveCfg = Debug|Any CPU
		{842063EC-0C5D-4455-8A4E-9D49A22A4411}.Debug|Any CPU.Build.0 = Debug|Any CPU
		{842063EC-0C5D-4455-8A4E-9D49A22A4411}.Release|Any CPU.ActiveCfg = Release|Any CPU
		{842063EC-0C5D-4455-8A4E-9D49A22A4411}.Release|Any CPU.Build.0 = Release|Any CPU
		{5D48292A-8002-40F1-88C2-5E5D70278E77}.Debug|Any CPU.ActiveCfg = Debug|Any CPU
		{5D48292A-8002-40F1-88C2-5E5D70278E77}.Debug|Any CPU.Build.0 = Debug|Any CPU
		{5D48292A-8002-40F1-88C2-5E5D70278E77}.Release|Any CPU.ActiveCfg = Release|Any CPU
		{5D48292A-8002-40F1-88C2-5E5D70278E77}.Release|Any CPU.Build.0 = Release|Any CPU
		{EB984148-63DC-484A-8E06-653A64D9C56B}.Debug|Any CPU.ActiveCfg = Debug|Any CPU
		{EB984148-63DC-484A-8E06-653A64D9C56B}.Debug|Any CPU.Build.0 = Debug|Any CPU
		{EB984148-63DC-484A-8E06-653A64D9C56B}.Release|Any CPU.ActiveCfg = Release|Any CPU
		{EB984148-63DC-484A-8E06-653A64D9C56B}.Release|Any CPU.Build.0 = Release|Any CPU
		{AF5FAEE7-52F2-4800-85C5-747E76202343}.Debug|Any CPU.ActiveCfg = Debug|Any CPU
		{AF5FAEE7-52F2-4800-85C5-747E76202343}.Debug|Any CPU.Build.0 = Debug|Any CPU
		{AF5FAEE7-52F2-4800-85C5-747E76202343}.Release|Any CPU.ActiveCfg = Release|Any CPU
		{AF5FAEE7-52F2-4800-85C5-747E76202343}.Release|Any CPU.Build.0 = Release|Any CPU
		{42E99E5B-9AED-486A-8D99-2F9418569A69}.Debug|Any CPU.ActiveCfg = Debug|Any CPU
		{42E99E5B-9AED-486A-8D99-2F9418569A69}.Debug|Any CPU.Build.0 = Debug|Any CPU
		{42E99E5B-9AED-486A-8D99-2F9418569A69}.Release|Any CPU.ActiveCfg = Release|Any CPU
		{42E99E5B-9AED-486A-8D99-2F9418569A69}.Release|Any CPU.Build.0 = Release|Any CPU
		{BC5F6523-7B2A-459E-999B-F3F9EB62958B}.Debug|Any CPU.ActiveCfg = Debug|Any CPU
		{BC5F6523-7B2A-459E-999B-F3F9EB62958B}.Debug|Any CPU.Build.0 = Debug|Any CPU
		{BC5F6523-7B2A-459E-999B-F3F9EB62958B}.Release|Any CPU.ActiveCfg = Release|Any CPU
		{BC5F6523-7B2A-459E-999B-F3F9EB62958B}.Release|Any CPU.Build.0 = Release|Any CPU
		{E045D9A1-8DA5-4027-B6A8-5C6C89BB08BE}.Debug|Any CPU.ActiveCfg = Debug|Any CPU
		{E045D9A1-8DA5-4027-B6A8-5C6C89BB08BE}.Debug|Any CPU.Build.0 = Debug|Any CPU
		{E045D9A1-8DA5-4027-B6A8-5C6C89BB08BE}.Release|Any CPU.ActiveCfg = Release|Any CPU
		{E045D9A1-8DA5-4027-B6A8-5C6C89BB08BE}.Release|Any CPU.Build.0 = Release|Any CPU
		{0D1D71BA-B1A9-4799-A514-DDE8514158BD}.Debug|Any CPU.ActiveCfg = Debug|Any CPU
		{0D1D71BA-B1A9-4799-A514-DDE8514158BD}.Debug|Any CPU.Build.0 = Debug|Any CPU
		{0D1D71BA-B1A9-4799-A514-DDE8514158BD}.Release|Any CPU.ActiveCfg = Release|Any CPU
		{0D1D71BA-B1A9-4799-A514-DDE8514158BD}.Release|Any CPU.Build.0 = Release|Any CPU
		{EC99227D-51ED-44FC-B644-5B440F6F618A}.Debug|Any CPU.ActiveCfg = Debug|Any CPU
		{EC99227D-51ED-44FC-B644-5B440F6F618A}.Debug|Any CPU.Build.0 = Debug|Any CPU
		{EC99227D-51ED-44FC-B644-5B440F6F618A}.Release|Any CPU.ActiveCfg = Release|Any CPU
		{EC99227D-51ED-44FC-B644-5B440F6F618A}.Release|Any CPU.Build.0 = Release|Any CPU
		{CA382ED7-BEA5-4C58-82DC-5EE33149E5D5}.Debug|Any CPU.ActiveCfg = Debug|Any CPU
		{CA382ED7-BEA5-4C58-82DC-5EE33149E5D5}.Debug|Any CPU.Build.0 = Debug|Any CPU
		{CA382ED7-BEA5-4C58-82DC-5EE33149E5D5}.Release|Any CPU.ActiveCfg = Release|Any CPU
		{CA382ED7-BEA5-4C58-82DC-5EE33149E5D5}.Release|Any CPU.Build.0 = Release|Any CPU
		{7205F359-AB06-480F-83F4-6918F3673381}.Debug|Any CPU.ActiveCfg = Debug|Any CPU
		{7205F359-AB06-480F-83F4-6918F3673381}.Debug|Any CPU.Build.0 = Debug|Any CPU
		{7205F359-AB06-480F-83F4-6918F3673381}.Release|Any CPU.ActiveCfg = Release|Any CPU
		{7205F359-AB06-480F-83F4-6918F3673381}.Release|Any CPU.Build.0 = Release|Any CPU
		{B667DF17-F3DA-4613-92FF-9B818B88B5B0}.Debug|Any CPU.ActiveCfg = Debug|Any CPU
		{B667DF17-F3DA-4613-92FF-9B818B88B5B0}.Debug|Any CPU.Build.0 = Debug|Any CPU
		{B667DF17-F3DA-4613-92FF-9B818B88B5B0}.Release|Any CPU.ActiveCfg = Release|Any CPU
		{B667DF17-F3DA-4613-92FF-9B818B88B5B0}.Release|Any CPU.Build.0 = Release|Any CPU
		{8A089251-C1C2-4851-99BD-AB99789E79CD}.Debug|Any CPU.ActiveCfg = Debug|Any CPU
		{8A089251-C1C2-4851-99BD-AB99789E79CD}.Debug|Any CPU.Build.0 = Debug|Any CPU
		{8A089251-C1C2-4851-99BD-AB99789E79CD}.Release|Any CPU.ActiveCfg = Release|Any CPU
		{8A089251-C1C2-4851-99BD-AB99789E79CD}.Release|Any CPU.Build.0 = Release|Any CPU
	EndGlobalSection
	GlobalSection(SolutionProperties) = preSolution
		HideSolutionNode = FALSE
	EndGlobalSection
	GlobalSection(NestedProjects) = preSolution
		{4C6FCD8D-9370-464D-9703-2684F7F91EB8} = {A7F0AF2C-02A5-41C3-8B9F-E4EF7A7C2555}
		{0C1A1B50-E63A-4F6C-B342-DA36D498C0F9} = {A7F0AF2C-02A5-41C3-8B9F-E4EF7A7C2555}
		{61F6A087-37DC-4E22-8306-51C667CA8A6B} = {A7F0AF2C-02A5-41C3-8B9F-E4EF7A7C2555}
		{478C2850-9DF0-4577-B7EA-FAC8BD77377C} = {D0D3B7ED-21C8-4AED-8B0E-05581AC348E0}
		{211CF14F-0ECF-40E3-BF26-FABD85A15C58} = {D0D3B7ED-21C8-4AED-8B0E-05581AC348E0}
		{842063EC-0C5D-4455-8A4E-9D49A22A4411} = {D0D3B7ED-21C8-4AED-8B0E-05581AC348E0}
		{5D48292A-8002-40F1-88C2-5E5D70278E77} = {38E8D790-FFC7-4797-8C4A-EA9297622789}
		{EB984148-63DC-484A-8E06-653A64D9C56B} = {38E8D790-FFC7-4797-8C4A-EA9297622789}
		{AF5FAEE7-52F2-4800-85C5-747E76202343} = {38E8D790-FFC7-4797-8C4A-EA9297622789}
		{42E99E5B-9AED-486A-8D99-2F9418569A69} = {F89340BF-AF7C-48C3-BD67-BC3EBB909768}
		{BC5F6523-7B2A-459E-999B-F3F9EB62958B} = {F89340BF-AF7C-48C3-BD67-BC3EBB909768}
		{E045D9A1-8DA5-4027-B6A8-5C6C89BB08BE} = {F89340BF-AF7C-48C3-BD67-BC3EBB909768}
		{0D1D71BA-B1A9-4799-A514-DDE8514158BD} = {17CD7C9E-919E-4697-8513-4200AE265D14}
		{EC99227D-51ED-44FC-B644-5B440F6F618A} = {17CD7C9E-919E-4697-8513-4200AE265D14}
		{CA382ED7-BEA5-4C58-82DC-5EE33149E5D5} = {17CD7C9E-919E-4697-8513-4200AE265D14}
		{7205F359-AB06-480F-83F4-6918F3673381} = {5F149DD9-70CC-4576-B788-529B87A63EA7}
		{B667DF17-F3DA-4613-92FF-9B818B88B5B0} = {5F149DD9-70CC-4576-B788-529B87A63EA7}
		{8A089251-C1C2-4851-99BD-AB99789E79CD} = {5F149DD9-70CC-4576-B788-529B87A63EA7}
	EndGlobalSection
	GlobalSection(ExtensibilityGlobals) = postSolution
		SolutionGuid = {E558AAD0-7AE6-4794-BA68-938EC72F6673}
	EndGlobalSection
EndGlobal
